
Microsoft Visual Studio Solution File, Format Version 12.00
# Visual Studio Version 16
VisualStudioVersion = 16.0.31911.196
MinimumVisualStudioVersion = 10.0.40219.1
Project("{FAE04EC0-301F-11D3-BF4B-00C04F79EFBC}") = "Metotlar", "Metotlar\Metotlar.csproj", "{69295D5B-3AE7-4604-9E73-8C90A3BD2097}"
EndProject
Global
	GlobalSection(SolutionConfigurationPlatforms) = preSolution
		Debug|Any CPU = Debug|Any CPU
		Release|Any CPU = Release|Any CPU
	EndGlobalSection
	GlobalSection(ProjectConfigurationPlatforms) = postSolution
		{69295D5B-3AE7-4604-9E73-8C90A3BD2097}.Debug|Any CPU.ActiveCfg = Debug|Any CPU
		{69295D5B-3AE7-4604-9E73-8C90A3BD2097}.Debug|Any CPU.Build.0 = Debug|Any CPU
		{69295D5B-3AE7-4604-9E73-8C90A3BD2097}.Release|Any CPU.ActiveCfg = Release|Any CPU
		{69295D5B-3AE7-4604-9E73-8C90A3BD2097}.Release|Any CPU.Build.0 = Release|Any CPU
	EndGlobalSection
	GlobalSection(SolutionProperties) = preSolution
		HideSolutionNode = FALSE
	EndGlobalSection
	GlobalSection(ExtensibilityGlobals) = postSolution
		SolutionGuid = {095623CF-5C31-4F8F-AB6D-16A2EB16FD48}
	EndGlobalSection
EndGlobal
